PODS:
  - Flutter (1.0.0)
  - flutter_group_data (0.0.1):
    - Flutter

DEPENDENCIES:
  - Flutter (from `Flutter`)
  - flutter_group_data (from `.symlinks/plugins/flutter_group_data/ios`)

EXTERNAL SOURCES:
  Flutter:
    :path: Flutter
  flutter_group_data:
    :path: ".symlinks/plugins/flutter_group_data/ios"

SPEC CHECKSUMS:
  Flutter: 0e3d915762c693b495b44d77113d4970485de6ec
  flutter_group_data: 1ccb87ca17120c8d0e1acc3eaa2c123a9042921b

PODFILE CHECKSUM: 1b66dae606f75376c5f2135a8290850eeb09ae83

COCOAPODS: 1.8.3
